{
  "version": 4,
  "terraform_version": "0.12.18",
  "serial": 323,
  "lineage": "e587987a-fd6c-97eb-1852-fac70769c244",
  "outputs": {},
  "resources": [
    {
      "mode": "managed",
      "type": "aws_internet_gateway",
      "name": "demo",
      "provider": "provider.aws",
      "instances": [
        {
          "schema_version": 0,
          "attributes": {
            "arn": "arn:aws:ec2:us-west-1:536233321899:internet-gateway/igw-0ccfd29f01bd9486b",
            "id": "igw-0ccfd29f01bd9486b",
            "owner_id": "536233321899",
            "tags": {
              "Name": "terraform-eks-demo"
            },
            "vpc_id": "vpc-0b578d28d48e2b137"
          }
        }
      ]
    },
    {
      "mode": "managed",
      "type": "aws_route_table_association",
      "name": "demo",
      "each": "list",
      "provider": "provider.aws",
      "instances": []
    },
    {
      "mode": "managed",
      "type": "aws_subnet",
      "name": "demo",
      "each": "list",
      "provider": "provider.aws",
      "instances": []
    },
    {
      "mode": "managed",
      "type": "aws_vpc",
      "name": "demo",
      "provider": "provider.aws",
      "instances": [
        {
          "schema_version": 1,
          "attributes": {
            "arn": "arn:aws:ec2:us-west-1:536233321899:vpc/vpc-0b578d28d48e2b137",
            "assign_generated_ipv6_cidr_block": false,
            "cidr_block": "10.1.0.0/16",
            "default_network_acl_id": "acl-0be1c670193eca6e5",
            "default_route_table_id": "rtb-0c515d78e05a424f1",
            "default_security_group_id": "sg-0188bf5eca29e7b11",
            "dhcp_options_id": "dopt-9ef1f7f6",
            "enable_classiclink": false,
            "enable_classiclink_dns_support": false,
            "enable_dns_hostnames": false,
            "enable_dns_support": true,
            "id": "vpc-0b578d28d48e2b137",
            "instance_tenancy": "default",
            "ipv6_association_id": "",
            "ipv6_cidr_block": "",
            "main_route_table_id": "rtb-0c515d78e05a424f1",
            "owner_id": "536233321899",
            "tags": {
              "Name": "terraform-eks-demo-node",
              "kubernetes.io/cluster/terraform-eks-demo": "shared"
            },
            "tags_all": {
              "Name": "terraform-eks-demo-node",
              "kubernetes.io/cluster/terraform-eks-demo": "shared"
            }
          },
          "private": "eyJzY2hlbWFfdmVyc2lvbiI6IjEifQ=="
        }
      ]
    }
  ]
}
